{
  "name": "bot-twit",
  "version": "1.0.0",
  "lockfileVersion": 2,
  "requires": true,
  "packages": {
    "": {
      "name": "bot-twit",
      "version": "1.0.0",
      "license": "ISC",
      "dependencies": {
        "dotenv": "^16.0.3",
        "twitter-api-v2": "^1.12.8"
      }
    },
    "node_modules/dotenv": {
      "version": "16.0.3",
      "resolved": "https://registry.npmjs.org/dotenv/-/dotenv-16.0.3.tgz",
      "integrity": "sha512-7GO6HghkA5fYG9TYnNxi14/7K9f5occMlp3zXAuSxn7CKCxt9xbNWG7yF8hTCSUchlfWSe3uLmlPfigevRItzQ==",
      "engines": {
        "node": ">=12"
      }
    },
    "node_modules/twitter-api-v2": {
      "version": "1.12.8",
      "resolved": "https://registry.npmjs.org/twitter-api-v2/-/twitter-api-v2-1.12.8.tgz",
      "integrity": "sha512-2gRb1WEjuWWLPm2Sj90BH6VKx6rBXXPERP2v5fmhSwN8kvIRghCvKXwVF0NQz/qZA9k/VSqtygAe+YFlrr36RQ=="
    }
  },
  "dependencies": {
    "dotenv": {
      "version": "16.0.3",
      "resolved": "https://registry.npmjs.org/dotenv/-/dotenv-16.0.3.tgz",
      "integrity": "sha512-7GO6HghkA5fYG9TYnNxi14/7K9f5occMlp3zXAuSxn7CKCxt9xbNWG7yF8hTCSUchlfWSe3uLmlPfigevRItzQ=="
    },
    "twitter-api-v2": {
      "version": "1.12.8",
      "resolved": "https://registry.npmjs.org/twitter-api-v2/-/twitter-api-v2-1.12.8.tgz",
      "integrity": "sha512-2gRb1WEjuWWLPm2Sj90BH6VKx6rBXXPERP2v5fmhSwN8kvIRghCvKXwVF0NQz/qZA9k/VSqtygAe+YFlrr36RQ=="
    }
  }
}
